{
  "nodes": {
  "agenix": {
  "inputs": {
  "agenix": "agenix_2",
  "crane": "crane",
  "flake-utils": "flake-utils",
  "nixpkgs": [
  "nixpkgs"
  ],
  "rust-overlay": "rust-overlay"
  },
  "locked": {
  "lastModified": 1709831932,
  "narHash": "sha256-WsP8rOFa/SqYNbVtYJ/l2mWWOgyDTJFbITMV8tv0biI=",
  "owner": "ryan4yin",
  "repo": "ragenix",
  "rev": "06de099ef02840ec463419f12de73729d458e1eb",
  "type": "github"
  },
  "original": {
  "owner": "ryan4yin",
  "repo": "ragenix",
  "type": "github"
  }
  },
  "agenix_2": {
  "inputs": {
  "darwin": "darwin",
  "home-manager": "home-manager",
  "nixpkgs": [
  "agenix",
  "nixpkgs"
  ],
  "systems": "systems"
  },
  "locked": {
  "lastModified": 1707830867,
  "narHash": "sha256-PAdwm5QqdlwIqGrfzzvzZubM+FXtilekQ/FA0cI49/o=",
  "owner": "ryantm",
  "repo": "agenix",
  "rev": "8cb01a0e717311680e0cbca06a76cbceba6f3ed6",
  "type": "github"
  },
  "original": {
  "owner": "ryantm",
  "repo": "agenix",
  "type": "github"
  }
  },
  "anyrun": {
  "inputs": {
  "flake-parts": "flake-parts",
  "nixpkgs": [
  "nixpkgs"
  ],
  "systems": "systems_3"
  },
  "locked": {
  "lastModified": 1721135360,
  "narHash": "sha256-ZhSA0e45UxiOAjEVqkym/aULh0Dt+KHJLNda7bjx9UI=",
  "owner": "anyrun-org",
  "repo": "anyrun",
  "rev": "c6101a31a80b51e32e96f6a77616b609770172e0",
  "type": "github"
  },
  "original": {
  "owner": "anyrun-org",
  "repo": "anyrun",
  "type": "github"
  }
  },
  "crane": {
  "inputs": {
  "nixpkgs": [
  "agenix",
  "nixpkgs"
  ]
  },
  "locked": {
  "lastModified": 1708794349,
  "narHash": "sha256-jX+B1VGHT0ruHHL5RwS8L21R6miBn4B6s9iVyUJsJJY=",
  "owner": "ipetkov",
  "repo": "crane",
  "rev": "2c94ff9a6fbeb9f3ea0107f28688edbe9c81deaa",
  "type": "github"
  },
  "original": {
  "owner": "ipetkov",
  "repo": "crane",
  "type": "github"
  }
  },
  "crane_2": {
  "inputs": {
  "nixpkgs": [
  "lanzaboote",
  "nixpkgs"
  ]
  },
  "locked": {
  "lastModified": 1717535930,
  "narHash": "sha256-1hZ/txnbd/RmiBPNUs7i8UQw2N89uAK3UzrGAWdnFfU=",
  "owner": "ipetkov",
  "repo": "crane",
  "rev": "55e7754ec31dac78980c8be45f8a28e80e370946",
  "type": "github"
  },
  "original": {
  "owner": "ipetkov",
  "repo": "crane",
  "type": "github"
  }
  },
  "crane_3": {
  "inputs": {
  "nixpkgs": [
  "xremap",
  "nixpkgs"
  ]
  },
  "locked": {
  "lastModified": 1721322122,
  "narHash": "sha256-a0G1NvyXGzdwgu6e1HQpmK5R5yLsfxeBe07nNDyYd+g=",
  "owner": "ipetkov",
  "repo": "crane",
  "rev": "8a68b987c476a33e90f203f0927614a75c3f47ea",
  "type": "github"
  },
  "original": {
  "owner": "ipetkov",
  "repo": "crane",
  "type": "github"
  }
  },
  "darwin": {
  "inputs": {
  "nixpkgs": [
  "agenix",
  "agenix",
  "nixpkgs"
  ]
  },
  "locked": {
  "lastModified": 1700795494,
  "narHash": "sha256-gzGLZSiOhf155FW7262kdHo2YDeugp3VuIFb4/GGng0=",
  "owner": "lnl7",
  "repo": "nix-darwin",
  "rev": "4b9b83d5a92e8c1fbfd8eb27eda375908c11ec4d",
  "type": "github"
  },
  "original": {
  "owner": "lnl7",
  "ref": "master",
  "repo": "nix-darwin",
  "type": "github"
  }
  },
  "devshell": {
  "inputs": {
  "flake-utils": "flake-utils_6",
  "nixpkgs": "nixpkgs_5"
  },
  "locked": {
  "lastModified": 1717408969,
  "narHash": "sha256-Q0OEFqe35fZbbRPPRdrjTUUChKVhhWXz3T9ZSKmaoVY=",
  "owner": "numtide",
  "repo": "devshell",
  "rev": "1ebbe68d57457c8cae98145410b164b5477761f4",
  "type": "github"
  },
  "original": {
  "owner": "numtide",
  "repo": "devshell",
  "type": "github"
  }
  },
  "firefox-addons": {
  "inputs": {
  "flake-utils": "flake-utils_2",
  "nixpkgs": "nixpkgs"
  },
  "locked": {
  "dir": "pkgs/firefox-addons",
  "lastModified": 1724126585,
  "narHash": "sha256-3TQN0ex45gbn5Zk3EaOF8taRd6hrKQog5YQtHTCnGz0=",
  "owner": "rycee",
  "repo": "nur-expressions",
  "rev": "aa9fd2696a52f7292cf0b8caa56c9285f65b9808",
  "type": "gitlab"
  },
  "original": {
  "dir": "pkgs/firefox-addons",
  "owner": "rycee",
  "repo": "nur-expressions",
  "type": "gitlab"
  }
  },
  "flake-compat": {
  "flake": false,
  "locked": {
  "lastModified": 1696426674,
  "narHash": "sha256-kvjfFW7WAETZlt09AgDn1MrtKzP7t90Vf7vypd3OL1U=",
  "owner": "edolstra",
  "repo": "flake-compat",
  "rev": "0f9255e01c2351cc7d116c072cb317785dd33b33",
  "type": "github"
  },
  "original": {
  "owner": "edolstra",
  "repo": "flake-compat",
  "type": "github"
  }
  },
  "flake-compat_2": {
  "flake": false,
  "locked": {
  "lastModified": 1696426674,
  "narHash": "sha256-kvjfFW7WAETZlt09AgDn1MrtKzP7t90Vf7vypd3OL1U=",
  "owner": "edolstra",
  "repo": "flake-compat",
  "rev": "0f9255e01c2351cc7d116c072cb317785dd33b33",
  "type": "github"
  },
  "original": {
  "owner": "edolstra",
  "repo": "flake-compat",
  "type": "github"
  }
  },
  "flake-parts": {
  "inputs": {
  "nixpkgs-lib": [
  "anyrun",
  "nixpkgs"
  ]
  },
  "locked": {
  "lastModified": 1717285511,
  "narHash": "sha256-iKzJcpdXih14qYVcZ9QC9XuZYnPc6T8YImb6dX166kw=",
  "owner": "hercules-ci",
  "repo": "flake-parts",
  "rev": "2a55567fcf15b1b1c7ed712a2c6fadaec7412ea8",
  "type": "github"
  },
  "original": {
  "owner": "hercules-ci",
  "repo": "flake-parts",
  "type": "github"
  }
  },
  "flake-parts_2": {
  "inputs": {
  "nixpkgs-lib": [
  "lanzaboote",
  "nixpkgs"
  ]
  },
  "locked": {
  "lastModified": 1717285511,
  "narHash": "sha256-iKzJcpdXih14qYVcZ9QC9XuZYnPc6T8YImb6dX166kw=",
  "owner": "hercules-ci",
  "repo": "flake-parts",
  "rev": "2a55567fcf15b1b1c7ed712a2c6fadaec7412ea8",
  "type": "github"
  },
  "original": {
  "owner": "hercules-ci",
  "repo": "flake-parts",
  "type": "github"
  }
  },
  "flake-parts_3": {
  "inputs": {
  "nixpkgs-lib": "nixpkgs-lib"
  },
  "locked": {
  "lastModified": 1719994518,
  "narHash": "sha256-pQMhCCHyQGRzdfAkdJ4cIWiw+JNuWsTX7f0ZYSyz0VY=",
  "owner": "hercules-ci",
  "repo": "flake-parts",
  "rev": "9227223f6d922fee3c7b190b2cc238a99527bbb7",
  "type": "github"
  },
  "original": {
  "owner": "hercules-ci",
  "repo": "flake-parts",
  "type": "github"
  }
  },
  "flake-utils": {
  "inputs": {
  "systems": "systems_2"
  },
  "locked": {
  "lastModified": 1705309234,
  "narHash": "sha256-uNRRNRKmJyCRC/8y1RqBkqWBLM034y4qN7EprSdmgyA=",
  "owner": "numtide",
  "repo": "flake-utils",
  "rev": "1ef2e671c3b0c19053962c07dbda38332dcebf26",
  "type": "github"
  },
  "original": {
  "owner": "numtide",
  "repo": "flake-utils",
  "type": "github"
  }
  },
  "flake-utils_2": {
  "locked": {
  "lastModified": 1629284811,
  "narHash": "sha256-JHgasjPR0/J1J3DRm4KxM4zTyAj4IOJY8vIl75v/kPI=",
  "owner": "numtide",
  "repo": "flake-utils",
  "rev": "c5d161cc0af116a2e17f54316f0bf43f0819785c",
  "type": "github"
  },
  "original": {
  "owner": "numtide",
  "repo": "flake-utils",
  "type": "github"
  }
  },
  "flake-utils_3": {
  "inputs": {
  "systems": "systems_4"
  },
  "locked": {
  "lastModified": 1710146030,
  "narHash": "sha256-SZ5L6eA7HJ/nmkzGG7/ISclqe6oZdOZTNoesiInkXPQ=",
  "owner": "numtide",
  "repo": "flake-utils",
  "rev": "b1d9ab70662946ef0850d488da1c9019f3a9752a",
  "type": "github"
  },
  "original": {
  "owner": "numtide",
  "repo": "flake-utils",
  "type": "github"
  }
  },
  "flake-utils_4": {
  "inputs": {
  "systems": "systems_5"
  },
  "locked": {
  "lastModified": 1710146030,
  "narHash": "sha256-SZ5L6eA7HJ/nmkzGG7/ISclqe6oZdOZTNoesiInkXPQ=",
  "owner": "numtide",
  "repo": "flake-utils",
  "rev": "b1d9ab70662946ef0850d488da1c9019f3a9752a",
  "type": "github"
  },
  "original": {
  "owner": "numtide",
  "repo": "flake-utils",
  "type": "github"
  }
  },
  "flake-utils_5": {
  "inputs": {
  "systems": "systems_6"
  },
  "locked": {
  "lastModified": 1681202837,
  "narHash": "sha256-H+Rh19JDwRtpVPAWp64F+rlEtxUWBAQW28eAi3SRSzg=",
  "owner": "numtide",
  "repo": "flake-utils",
  "rev": "cfacdce06f30d2b68473a46042957675eebb3401",
  "type": "github"
  },
  "original": {
  "owner": "numtide",
  "repo": "flake-utils",
  "type": "github"
  }
  },
  "flake-utils_6": {
  "inputs": {
  "systems": "systems_7"
  },
  "locked": {
  "lastModified": 1701680307,
  "narHash": "sha256-kAuep2h5ajznlPMD9rnQyffWG8EM/C73lejGofXvdM8=",
  "owner": "numtide",
  "repo": "flake-utils",
  "rev": "4022d587cbbfd70fe950c1e2083a02621806a725",
  "type": "github"
  },
  "original": {
  "owner": "numtide",
  "repo": "flake-utils",
  "type": "github"
  }
  },
  "gitignore": {
  "inputs": {
  "nixpkgs": [
  "lanzaboote",
  "pre-commit-hooks-nix",
  "nixpkgs"
  ]
  },
  "locked": {
  "lastModified": 1709087332,
  "narHash": "sha256-HG2cCnktfHsKV0s4XW83gU3F57gaTljL9KNSuG6bnQs=",
  "owner": "hercules-ci",
  "repo": "gitignore.nix",
  "rev": "637db329424fd7e46cf4185293b9cc8c88c95394",
  "type": "github"
  },
  "original": {
  "owner": "hercules-ci",
  "repo": "gitignore.nix",
  "type": "github"
  }
  },
  "haumea": {
  "inputs": {
  "nixpkgs": [
  "nixpkgs"
  ]
  },
  "locked": {
  "lastModified": 1685133229,
  "narHash": "sha256-FePm/Gi9PBSNwiDFq3N+DWdfxFq0UKsVVTJS3cQPn94=",
  "owner": "nix-community",
  "repo": "haumea",
  "rev": "34dd58385092a23018748b50f9b23de6266dffc2",
  "type": "github"
  },
  "original": {
  "owner": "nix-community",
  "ref": "v0.2.2",
  "repo": "haumea",
  "type": "github"
  }
  },
  "home-manager": {
  "inputs": {
  "nixpkgs": [
  "agenix",
  "agenix",
  "nixpkgs"
  ]
  },
  "locked": {
  "lastModified": 1703113217,
  "narHash": "sha256-7ulcXOk63TIT2lVDSExj7XzFx09LpdSAPtvgtM7yQPE=",
  "owner": "nix-community",
  "repo": "home-manager",
  "rev": "3bfaacf46133c037bb356193bd2f1765d9dc82c1",
  "type": "github"
  },
  "original": {
  "owner": "nix-community",
  "repo": "home-manager",
  "type": "github"
  }
  },
  "home-manager_2": {
  "inputs": {
  "nixpkgs": [
  "nixpkgs"
  ]
  },
  "locked": {
  "lastModified": 1723986931,
  "narHash": "sha256-Fy+KEvDQ+Hc8lJAV3t6leXhZJ2ncU5/esxkgt3b8DEY=",
  "owner": "nix-community",
  "repo": "home-manager",
  "rev": "2598861031b78aadb4da7269df7ca9ddfc3e1671",
  "type": "github"
  },
  "original": {
  "owner": "nix-community",
  "repo": "home-manager",
  "type": "github"
  }
  },
  "home-manager_3": {
  "inputs": {
  "nixpkgs": "nixpkgs_6"
  },
  "locked": {
  "lastModified": 1721135958,
  "narHash": "sha256-H548rpPMsn25LDKn1PCFmPxmWlClJJGnvdzImHkqjuY=",
  "owner": "nix-community",
  "repo": "home-manager",
  "rev": "afd2021bedff2de92dfce0e257a3d03ae65c603d",
  "type": "github"
  },
  "original": {
  "owner": "nix-community",
  "repo": "home-manager",
  "type": "github"
  }
  },
  "hyprcursor": {
  "inputs": {
  "hyprlang": [
  "xremap",
  "hyprland",
  "hyprlang"
  ],
  "nixpkgs": [
  "xremap",
  "hyprland",
  "nixpkgs"
  ],
  "systems": [
  "xremap",
  "hyprland",
  "systems"
  ]
  },
  "locked": {
  "lastModified": 1720108799,
  "narHash": "sha256-AxRkTJlbB8r7aG6gvc7IaLhc2T9TO4/8uqanKRxukBQ=",
  "owner": "hyprwm",
  "repo": "hyprcursor",
  "rev": "a5c0d57325c5f0814c39110a70ca19c070ae9486",
  "type": "github"
  },
  "original": {
  "owner": "hyprwm",
  "repo": "hyprcursor",
  "type": "github"
  }
  },
  "hyprland": {
  "inputs": {
  "hyprcursor": "hyprcursor",
  "hyprlang": "hyprlang",
  "hyprutils": "hyprutils",
  "hyprwayland-scanner": "hyprwayland-scanner",
  "nixpkgs": "nixpkgs_7",
  "systems": "systems_8",
  "xdph": "xdph"
  },
  "locked": {
  "lastModified": 1721463092,
  "narHash": "sha256-NT9adHxZtssgoYPsc1jW0NV2OAZBQoko0qdlLO7wkSg=",
  "owner": "hyprwm",
  "repo": "Hyprland",
  "rev": "f642fb97df5c69267a03452533de383ff8023570",
  "type": "github"
  },
  "original": {
  "owner": "hyprwm",
  "repo": "Hyprland",
  "type": "github"
  }
  },
  "hyprland-protocols": {
  "inputs": {
  "nixpkgs": [
  "xremap",
  "hyprland",
  "xdph",
  "nixpkgs"
  ],
  "systems": [
  "xremap",
  "hyprland",
  "xdph",
  "systems"
  ]
  },
  "locked": {
  "lastModified": 1718746314,
  "narHash": "sha256-HUklK5u86w2Yh9dOkk4FdsL8eehcOZ95jPhLixGDRQY=",
  "owner": "hyprwm",
  "repo": "hyprland-protocols",
  "rev": "1b61f0093afff20ab44d88ad707aed8bf2215290",
  "type": "github"
  },
  "original": {
  "owner": "hyprwm",
  "repo": "hyprland-protocols",
  "type": "github"
  }
  },
  "hyprlang": {
  "inputs": {
  "hyprutils": [
  "xremap",
  "hyprland",
  "hyprutils"
  ],
  "nixpkgs": [
  "xremap",
  "hyprland",
  "nixpkgs"
  ],
  "systems": [
  "xremap",
  "hyprland",
  "systems"
  ]
  },
  "locked": {
  "lastModified": 1720381373,
  "narHash": "sha256-lyC/EZdHULsaAKVryK11lgHY9u6pXr7qR4irnxNWC7k=",
  "owner": "hyprwm",
  "repo": "hyprlang",
  "rev": "5df0174fd09de4ac5475233d65ffc703e89b82eb",
  "type": "github"
  },
  "original": {
  "owner": "hyprwm",
  "repo": "hyprlang",
  "type": "github"
  }
  },
  "hyprutils": {
  "inputs": {
  "nixpkgs": [
  "xremap",
  "hyprland",
  "nixpkgs"
  ],
  "systems": [
  "xremap",
  "hyprland",
  "systems"
  ]
  },
  "locked": {
  "lastModified": 1721071737,
  "narHash": "sha256-qmC9jGfbE4+EIBbbSAkrfR/p49wShjpv4/KztgE/P54=",
  "owner": "hyprwm",
  "repo": "hyprutils",
  "rev": "eb1ceff2b87f6820789249f63faa8e9dcb54d05f",
  "type": "github"
  },
  "original": {
  "owner": "hyprwm",
  "repo": "hyprutils",
  "type": "github"
  }
  },
  "hyprwayland-scanner": {
  "inputs": {
  "nixpkgs": [
  "xremap",
  "hyprland",
  "nixpkgs"
  ],
  "systems": [
  "xremap",
  "hyprland",
  "systems"
  ]
  },
  "locked": {
  "lastModified": 1720215857,
  "narHash": "sha256-JPdL+Qul+jEueAn8CARfcWP83eJgwkhMejQYfDvrgvU=",
  "owner": "hyprwm",
  "repo": "hyprwayland-scanner",
  "rev": "d5fa094ca27e0039be5e94c0a80ae433145af8bb",
  "type": "github"
  },
  "original": {
  "owner": "hyprwm",
  "repo": "hyprwayland-scanner",
  "type": "github"
  }
  },
  "lanzaboote": {
  "inputs": {
  "crane": "crane_2",
  "flake-compat": "flake-compat",
  "flake-parts": "flake-parts_2",
  "flake-utils": "flake-utils_3",
  "nixpkgs": [
  "nixpkgs"
  ],
  "pre-commit-hooks-nix": "pre-commit-hooks-nix",
  "rust-overlay": "rust-overlay_2"
  },
  "locked": {
  "lastModified": 1718178907,
  "narHash": "sha256-eSZyrQ9uoPB9iPQ8Y5H7gAmAgAvCw3InStmU3oEjqsE=",
  "owner": "nix-community",
  "repo": "lanzaboote",
  "rev": "b627ccd97d0159214cee5c7db1412b75e4be6086",
  "type": "github"
  },
  "original": {
  "owner": "nix-community",
  "ref": "v0.4.1",
  "repo": "lanzaboote",
  "type": "github"
  }
  },
  "nixlib": {
  "locked": {
  "lastModified": 1723942470,
  "narHash": "sha256-QdSArN0xKESEOTcv+3kE6yu4B4WX9lupZ4+Htx3RXGg=",
  "owner": "nix-community",
  "repo": "nixpkgs.lib",
  "rev": "531a2e8416a6d8200a53eddfbdb8f2c8dc4a1251",
  "type": "github"
  },
  "original": {
  "owner": "nix-community",
  "repo": "nixpkgs.lib",
  "type": "github"
  }
  },
  "nixos-generators": {
  "inputs": {
  "nixlib": "nixlib",
  "nixpkgs": [
  "nixpkgs"
  ]
  },
  "locked": {
  "lastModified": 1724028932,
  "narHash": "sha256-U11ZiQPrpIBdv7oS23bNdX9GCxe/hPf/ARr64P2Wj1Y=",
  "owner": "nix-community",
  "repo": "nixos-generators",
  "rev": "5fd22603892e4ec5ac6085058ed658243143aacd",
  "type": "github"
  },
  "original": {
  "owner": "nix-community",
  "repo": "nixos-generators",
  "type": "github"
  }
  },
  "nixos-wsl": {
  "inputs": {
  "flake-compat": "flake-compat_2",
  "flake-utils": "flake-utils_4",
  "nixpkgs": "nixpkgs_2"
  },
  "locked": {
  "lastModified": 1724065442,
  "narHash": "sha256-8ZUoyeO7Q70bLuijVYvToBSkApw9kfc5hMykTGxB64I=",
  "owner": "nix-community",
  "repo": "NixOS-WSL",
  "rev": "0bec2bfb8a2d4dd16e5b012982ca95e57d50e6a2",
  "type": "github"
  },
  "original": {
  "owner": "nix-community",
  "ref": "main",
  "repo": "NixOS-WSL",
  "type": "github"
  }
  },
  "nixpkgs": {
  "locked": {
  "lastModified": 1627814220,
  "narHash": "sha256-P+MDgdZw2CBk9X1ZZaUgHgN+32pTfLFf3XVIBOXirI4=",
  "owner": "nixos",
  "repo": "nixpkgs",
  "rev": "ab5b6828af26215bf2646c31961da5d3749591ef",
  "type": "github"
  },
  "original": {
  "owner": "nixos",
  "ref": "nixpkgs-unstable",
  "repo": "nixpkgs",
  "type": "github"
  }
  },
  "nixpkgs-lib": {
  "locked": {
  "lastModified": 1719876945,
  "narHash": "sha256-Fm2rDDs86sHy0/1jxTOKB1118Q0O3Uc7EC0iXvXKpbI=",
  "type": "tarball",
  "url": "https://github.com/NixOS/nixpkgs/archive/5daf0514482af3f97abaefc78a6606365c9108e2.tar.gz"
  },
  "original": {
  "type": "tarball",
  "url": "https://github.com/NixOS/nixpkgs/archive/5daf0514482af3f97abaefc78a6606365c9108e2.tar.gz"
  }
  },
  "nixpkgs-stable": {
  "locked": {
  "lastModified": 1710695816,
  "narHash": "sha256-3Eh7fhEID17pv9ZxrPwCLfqXnYP006RKzSs0JptsN84=",
  "owner": "NixOS",
  "repo": "nixpkgs",
  "rev": "614b4613980a522ba49f0d194531beddbb7220d3",
  "type": "github"
  },
  "original": {
  "owner": "NixOS",
  "ref": "nixos-23.11",
  "repo": "nixpkgs",
  "type": "github"
  }
  },
  "nixpkgs-stable_2": {
  "locked": {
  "lastModified": 1723938990,
  "narHash": "sha256-9tUadhnZQbWIiYVXH8ncfGXGvkNq3Hag4RCBEMUk7MI=",
  "owner": "nixos",
  "repo": "nixpkgs",
  "rev": "c42fcfbdfeae23e68fc520f9182dde9f38ad1890",
  "type": "github"
  },
  "original": {
  "owner": "nixos",
  "ref": "nixos-24.05",
  "repo": "nixpkgs",
  "type": "github"
  }
  },
  "nixpkgs-unstable": {
  "locked": {
  "lastModified": 1724137240,
  "narHash": "sha256-VjbV/91spoYpl+fD7cK1asDhQIjJduP0lT+SgeXtcIc=",
  "owner": "nixos",
  "repo": "nixpkgs",
  "rev": "d2fa2514f041934a6aa261c66dc44829251cffd3",
  "type": "github"
  },
  "original": {
  "owner": "nixos",
  "ref": "nixos-unstable-small",
  "repo": "nixpkgs",
  "type": "github"
  }
  },
  "nixpkgs_2": {
  "locked": {
  "lastModified": 1723688146,
  "narHash": "sha256-sqLwJcHYeWLOeP/XoLwAtYjr01TISlkOfz+NG82pbdg=",
  "owner": "NixOS",
  "repo": "nixpkgs",
  "rev": "c3d4ac725177c030b1e289015989da2ad9d56af0",
  "type": "github"
  },
  "original": {
  "owner": "NixOS",
  "ref": "nixos-24.05",
  "repo": "nixpkgs",
  "type": "github"
  }
  },
  "nixpkgs_3": {
  "locked": {
  "lastModified": 1723991338,
  "narHash": "sha256-Grh5PF0+gootJfOJFenTTxDTYPidA3V28dqJ/WV7iis=",
  "owner": "nixos",
  "repo": "nixpkgs",
  "rev": "8a3354191c0d7144db9756a74755672387b702ba",
  "type": "github"
  },
  "original": {
  "owner": "nixos",
  "ref": "nixos-unstable",
  "repo": "nixpkgs",
  "type": "github"
  }
  },
  "nixpkgs_4": {
  "locked": {
  "lastModified": 1682134069,
  "narHash": "sha256-TnI/ZXSmRxQDt2sjRYK/8j8iha4B4zP2cnQCZZ3vp7k=",
  "owner": "NixOS",
  "repo": "nixpkgs",
  "rev": "fd901ef4bf93499374c5af385b2943f5801c0833",
  "type": "github"
  },
  "original": {
  "id": "nixpkgs",
  "type": "indirect"
  }
  },
  "nixpkgs_5": {
  "locked": {
  "lastModified": 1704161960,
  "narHash": "sha256-QGua89Pmq+FBAro8NriTuoO/wNaUtugt29/qqA8zeeM=",
  "owner": "NixOS",
  "repo": "nixpkgs",
  "rev": "63143ac2c9186be6d9da6035fa22620018c85932",
  "type": "github"
  },
  "original": {
  "owner": "NixOS",
  "ref": "nixpkgs-unstable",
  "repo": "nixpkgs",
  "type": "github"
  }
  },
  "nixpkgs_6": {
  "locked": {
  "lastModified": 1719848872,
  "narHash": "sha256-H3+EC5cYuq+gQW8y0lSrrDZfH71LB4DAf+TDFyvwCNA=",
  "owner": "NixOS",
  "repo": "nixpkgs",
  "rev": "00d80d13810dbfea8ab4ed1009b09100cca86ba8",
  "type": "github"
  },
  "original": {
  "owner": "NixOS",
  "ref": "nixos-unstable",
  "repo": "nixpkgs",
  "type": "github"
  }
  },
  "nixpkgs_7": {
  "locked": {
  "lastModified": 1720957393,
  "narHash": "sha256-oedh2RwpjEa+TNxhg5Je9Ch6d3W1NKi7DbRO1ziHemA=",
  "owner": "NixOS",
  "repo": "nixpkgs",
  "rev": "693bc46d169f5af9c992095736e82c3488bf7dbb",
  "type": "github"
  },
  "original": {
  "owner": "NixOS",
  "ref": "nixos-unstable",
  "repo": "nixpkgs",
  "type": "github"
  }
  },
  "nixpkgs_8": {
  "locked": {
  "lastModified": 1721435672,
  "narHash": "sha256-VaBqKvCu4iFWPwKFFigdhOfgccLUDEVByb6Wa2Z9i98=",
  "owner": "NixOS",
  "repo": "nixpkgs",
  "rev": "2d65995365a2a6b05db69e344d3b673c8d541bcd",
  "type": "github"
  },
  "original": {
  "owner": "NixOS",
  "ref": "nixpkgs-unstable",
  "repo": "nixpkgs",
  "type": "github"
  }
  },
  "nixpkgs_9": {
  "locked": {
  "lastModified": 1719690277,
  "narHash": "sha256-0xSej1g7eP2kaUF+JQp8jdyNmpmCJKRpO12mKl/36Kc=",
  "owner": "nixos",
  "repo": "nixpkgs",
  "rev": "2741b4b489b55df32afac57bc4bfd220e8bf617e",
  "type": "github"
  },
  "original": {
  "owner": "nixos",
  "ref": "nixos-unstable",
  "repo": "nixpkgs",
  "type": "github"
  }
  },
  "pre-commit-hooks-nix": {
  "inputs": {
  "flake-compat": [
  "lanzaboote",
  "flake-compat"
  ],
  "gitignore": "gitignore",
  "nixpkgs": [
  "lanzaboote",
  "nixpkgs"
  ],
  "nixpkgs-stable": "nixpkgs-stable"
  },
  "locked": {
  "lastModified": 1717664902,
  "narHash": "sha256-7XfBuLULizXjXfBYy/VV+SpYMHreNRHk9nKMsm1bgb4=",
  "owner": "cachix",
  "repo": "pre-commit-hooks.nix",
  "rev": "cc4d466cb1254af050ff7bdf47f6d404a7c646d1",
  "type": "github"
  },
  "original": {
  "owner": "cachix",
  "repo": "pre-commit-hooks.nix",
  "type": "github"
  }
  },
  "root": {
  "inputs": {
  "agenix": "agenix",
  "anyrun": "anyrun",
  "firefox-addons": "firefox-addons",
  "haumea": "haumea",
  "home-manager": "home-manager_2",
  "lanzaboote": "lanzaboote",
  "nixos-generators": "nixos-generators",
  "nixos-wsl": "nixos-wsl",
  "nixpkgs": "nixpkgs_3",
  "nixpkgs-stable": "nixpkgs-stable_2",
  "nixpkgs-unstable": "nixpkgs-unstable",
  "vscode-server": "vscode-server",
  "xremap": "xremap"
  }
  },
  "rust-overlay": {
  "inputs": {
  "flake-utils": [
  "agenix",
  "flake-utils"
  ],
  "nixpkgs": [
  "agenix",
  "nixpkgs"
  ]
  },
  "locked": {
  "lastModified": 1708740535,
  "narHash": "sha256-NCTw235XwSDbeTAtAwg/hOeNOgwYhVq7JjDdbkOgBeA=",
  "owner": "oxalica",
  "repo": "rust-overlay",
  "rev": "9b24383d77f598716fa0cbb8b48c97249f5ee1af",
  "type": "github"
  },
  "original": {
  "owner": "oxalica",
  "repo": "rust-overlay",
  "type": "github"
  }
  },
  "rust-overlay_2": {
  "inputs": {
  "flake-utils": [
  "lanzaboote",
  "flake-utils"
  ],
  "nixpkgs": [
  "lanzaboote",
  "nixpkgs"
  ]
  },
  "locked": {
  "lastModified": 1717813066,
  "narHash": "sha256-wqbRwq3i7g5EHIui0bIi84mdqZ/It1AXBSLJ5tafD28=",
  "owner": "oxalica",
  "repo": "rust-overlay",
  "rev": "6dc3e45fe4aee36efeed24d64fc68b1f989d5465",
  "type": "github"
  },
  "original": {
  "owner": "oxalica",
  "repo": "rust-overlay",
  "type": "github"
  }
  },
  "systems": {
  "locked": {
  "lastModified": 1681028828,
  "narHash": "sha256-Vy1rq5AaRuLzOxct8nz4T6wlgyUR7zLU309k9mBC768=",
  "owner": "nix-systems",
  "repo": "default",
  "rev": "da67096a3b9bf56a91d16901293e51ba5b49a27e",
  "type": "github"
  },
  "original": {
  "owner": "nix-systems",
  "repo": "default",
  "type": "github"
  }
  },
  "systems_2": {
  "locked": {
  "lastModified": 1681028828,
  "narHash": "sha256-Vy1rq5AaRuLzOxct8nz4T6wlgyUR7zLU309k9mBC768=",
  "owner": "nix-systems",
  "repo": "default",
  "rev": "da67096a3b9bf56a91d16901293e51ba5b49a27e",
  "type": "github"
  },
  "original": {
  "owner": "nix-systems",
  "repo": "default",
  "type": "github"
  }
  },
  "systems_3": {
  "locked": {
  "lastModified": 1689347949,
  "narHash": "sha256-12tWmuL2zgBgZkdoB6qXZsgJEH9LR3oUgpaQq2RbI80=",
  "owner": "nix-systems",
  "repo": "default-linux",
  "rev": "31732fcf5e8fea42e59c2488ad31a0e651500f68",
  "type": "github"
  },
  "original": {
  "owner": "nix-systems",
  "repo": "default-linux",
  "type": "github"
  }
  },
  "systems_4": {
  "locked": {
  "lastModified": 1681028828,
  "narHash": "sha256-Vy1rq5AaRuLzOxct8nz4T6wlgyUR7zLU309k9mBC768=",
  "owner": "nix-systems",
  "repo": "default",
  "rev": "da67096a3b9bf56a91d16901293e51ba5b49a27e",
  "type": "github"
  },
  "original": {
  "owner": "nix-systems",
  "repo": "default",
  "type": "github"
  }
  },
  "systems_5": {
  "locked": {
  "lastModified": 1681028828,
  "narHash": "sha256-Vy1rq5AaRuLzOxct8nz4T6wlgyUR7zLU309k9mBC768=",
  "owner": "nix-systems",
  "repo": "default",
  "rev": "da67096a3b9bf56a91d16901293e51ba5b49a27e",
  "type": "github"
  },
  "original": {
  "owner": "nix-systems",
  "repo": "default",
  "type": "github"
  }
  },
  "systems_6": {
  "locked": {
  "lastModified": 1681028828,
  "narHash": "sha256-Vy1rq5AaRuLzOxct8nz4T6wlgyUR7zLU309k9mBC768=",
  "owner": "nix-systems",
  "repo": "default",
  "rev": "da67096a3b9bf56a91d16901293e51ba5b49a27e",
  "type": "github"
  },
  "original": {
  "owner": "nix-systems",
  "repo": "default",
  "type": "github"
  }
  },
  "systems_7": {
  "locked": {
  "lastModified": 1681028828,
  "narHash": "sha256-Vy1rq5AaRuLzOxct8nz4T6wlgyUR7zLU309k9mBC768=",
  "owner": "nix-systems",
  "repo": "default",
  "rev": "da67096a3b9bf56a91d16901293e51ba5b49a27e",
  "type": "github"
  },
  "original": {
  "owner": "nix-systems",
  "repo": "default",
  "type": "github"
  }
  },
  "systems_8": {
  "locked": {
  "lastModified": 1689347949,
  "narHash": "sha256-12tWmuL2zgBgZkdoB6qXZsgJEH9LR3oUgpaQq2RbI80=",
  "owner": "nix-systems",
  "repo": "default-linux",
  "rev": "31732fcf5e8fea42e59c2488ad31a0e651500f68",
  "type": "github"
  },
  "original": {
  "owner": "nix-systems",
  "repo": "default-linux",
  "type": "github"
  }
  },
  "treefmt-nix": {
  "inputs": {
  "nixpkgs": "nixpkgs_9"
  },
  "locked": {
  "lastModified": 1721458737,
  "narHash": "sha256-wNXLQ/ATs1S4Opg1PmuNoJ+Wamqj93rgZYV3Di7kxkg=",
  "owner": "numtide",
  "repo": "treefmt-nix",
  "rev": "888bfb10a9b091d9ed2f5f8064de8d488f7b7c97",
  "type": "github"
  },
  "original": {
  "owner": "numtide",
  "repo": "treefmt-nix",
  "type": "github"
  }
  },
  "vscode-server": {
  "inputs": {
  "flake-utils": "flake-utils_5",
  "nixpkgs": "nixpkgs_4"
  },
  "locked": {
  "lastModified": 1713958148,
  "narHash": "sha256-8PDNi/dgoI2kyM7uSiU4eoLBqUKoA+3TXuz+VWmuCOc=",
  "owner": "nix-community",
  "repo": "nixos-vscode-server",
  "rev": "fc900c16efc6a5ed972fb6be87df018bcf3035bc",
  "type": "github"
  },
  "original": {
  "owner": "nix-community",
  "repo": "nixos-vscode-server",
  "type": "github"
  }
  },
  "xdph": {
  "inputs": {
  "hyprland-protocols": "hyprland-protocols",
  "hyprlang": [
  "xremap",
  "hyprland",
  "hyprlang"
  ],
  "nixpkgs": [
  "xremap",
  "hyprland",
  "nixpkgs"
  ],
  "systems": [
  "xremap",
  "hyprland",
  "systems"
  ]
  },
  "locked": {
  "lastModified": 1720194466,
  "narHash": "sha256-Rizg9efi6ue95zOp0MeIV2ZedNo+5U9G2l6yirgBUnA=",
  "owner": "hyprwm",
  "repo": "xdg-desktop-portal-hyprland",
  "rev": "b9b97e5ba23fe7bd5fa4df54696102e8aa863cf6",
  "type": "github"
  },
  "original": {
  "owner": "hyprwm",
  "repo": "xdg-desktop-portal-hyprland",
  "type": "github"
  }
  },
  "xremap": {
  "inputs": {
  "crane": "crane_3",
  "devshell": "devshell",
  "flake-parts": "flake-parts_3",
  "home-manager": "home-manager_3",
  "hyprland": "hyprland",
  "nixpkgs": "nixpkgs_8",
  "treefmt-nix": "treefmt-nix",
  "xremap": "xremap_2"
  },
  "locked": {
  "lastModified": 1721842203,
  "narHash": "sha256-3tV6a9Ri6JTapeOQFuBpIjYk+R+F9RGiaG7Hpz1sTv8=",
  "owner": "xremap",
  "repo": "nix-flake",
  "rev": "3717cb0539f4967010ba540baa439a4cf6ea8576",
  "type": "github"
  },
  "original": {
  "owner": "xremap",
  "repo": "nix-flake",
  "type": "github"
  }
  },
  "xremap_2": {
  "flake": false,
  "locked": {
  "lastModified": 1716231654,
  "narHash": "sha256-TZvi5EOZ5Ekg8aGXCAzCcphJ7U5YsPtTWKTUQKZXEsg=",
  "owner": "k0kubun",
  "repo": "xremap",
  "rev": "d1b17c4b9958feb5804f317b654ab3936f852c61",
  "type": "github"
  },
  "original": {
  "owner": "k0kubun",
  "ref": "v0.10.0",
  "repo": "xremap",
  "type": "github"
  }
  }
  },
  "root": "root",
  "version": 7
  }
